
Microsoft Visual Studio Solution File, Format Version 12.00
# Visual Studio Version 17
VisualStudioVersion = 17.7.34031.279
MinimumVisualStudioVersion = 10.0.40219.1
Project("{2150E333-8FDC-42A3-9474-1A3956D46DE8}") = "src", "src", "{7BCA7102-2C36-4652-89E0-4CDAD1575E48}"
EndProject
Project("{9A19103F-16F7-4668-BE54-9A1E7A4F7556}") = "Backend.Services.TaskExecutor.App", "src\App\Backend.Services.TaskExecutor.App.csproj", "{326086DE-D55A-46CE-A3EE-60F3F341693C}"
EndProject
Project("{E53339B2-1760-4266-BCC7-CA923CBCF16C}") = "docker-compose", "docker-compose.dcproj", "{A67F720A-E15D-4E2B-8FE3-479260062E83}"
EndProject
Project("{2150E333-8FDC-42A3-9474-1A3956D46DE8}") = "Solution Items", "Solution Items", "{F31F9542-D98B-473C-B0E2-737A6F4798F9}"
	ProjectSection(SolutionItems) = preProject
		README.md = README.md
	EndProjectSection
EndProject
Global
	GlobalSection(SolutionConfigurationPlatforms) = preSolution
		Debug|Any CPU = Debug|Any CPU
		Release|Any CPU = Release|Any CPU
	EndGlobalSection
	GlobalSection(ProjectConfigurationPlatforms) = postSolution
		{326086DE-D55A-46CE-A3EE-60F3F341693C}.Debug|Any CPU.ActiveCfg = Debug|Any CPU
		{326086DE-D55A-46CE-A3EE-60F3F341693C}.Debug|Any CPU.Build.0 = Debug|Any CPU
		{326086DE-D55A-46CE-A3EE-60F3F341693C}.Release|Any CPU.ActiveCfg = Release|Any CPU
		{326086DE-D55A-46CE-A3EE-60F3F341693C}.Release|Any CPU.Build.0 = Release|Any CPU
		{A67F720A-E15D-4E2B-8FE3-479260062E83}.Debug|Any CPU.ActiveCfg = Debug|Any CPU
		{A67F720A-E15D-4E2B-8FE3-479260062E83}.Debug|Any CPU.Build.0 = Debug|Any CPU
		{A67F720A-E15D-4E2B-8FE3-479260062E83}.Release|Any CPU.ActiveCfg = Release|Any CPU
		{A67F720A-E15D-4E2B-8FE3-479260062E83}.Release|Any CPU.Build.0 = Release|Any CPU
	EndGlobalSection
	GlobalSection(SolutionProperties) = preSolution
		HideSolutionNode = FALSE
	EndGlobalSection
	GlobalSection(NestedProjects) = preSolution
		{326086DE-D55A-46CE-A3EE-60F3F341693C} = {7BCA7102-2C36-4652-89E0-4CDAD1575E48}
	EndGlobalSection
	GlobalSection(ExtensibilityGlobals) = postSolution
		SolutionGuid = {A2D9BAFB-1B6C-4CB9-9D31-99D400A8A736}
	EndGlobalSection
EndGlobal
