
Microsoft Visual Studio Solution File, Format Version 12.00
# Visual Studio Version 17
VisualStudioVersion = 17.9.34728.123
MinimumVisualStudioVersion = 10.0.40219.1
Project("{2150E333-8FDC-42A3-9474-1A3956D46DE8}") = "DC", "DC", "{3F8ACCE4-5277-4FBD-83FC-F4B39C796F70}"
EndProject
Project("{E53339B2-1760-4266-BCC7-CA923CBCF16C}") = "Backend.DC.development", "Backend.DC.development.dcproj", "{A2B6837B-6D7C-4636-B0B1-691A65CEF667}"
EndProject
Project("{E53339B2-1760-4266-BCC7-CA923CBCF16C}") = "Backend.DC.production", "Backend.DC.production.dcproj", "{0350957C-E63A-4945-9399-6954EE7CD6D2}"
EndProject
Project("{E53339B2-1760-4266-BCC7-CA923CBCF16C}") = "Backend.DC.staging", "Backend.DC.staging.dcproj", "{96BCB957-B713-4370-9F4D-424E3A85E4F5}"
EndProject
Project("{2150E333-8FDC-42A3-9474-1A3956D46DE8}") = "Solution Items", "Solution Items", "{5E499B8F-6592-47F6-B36A-FC1B9A0E3860}"
	ProjectSection(SolutionItems) = preProject
		.editorconfig = .editorconfig
		.gitignore = .gitignore
		Directory.Build.props = Directory.Build.props
		Directory.Packages.props = Directory.Packages.props
		..\..\README.md = ..\..\README.md
	EndProjectSection
EndProject
Project("{2150E333-8FDC-42A3-9474-1A3956D46DE8}") = "src", "src", "{A0BF25FD-1238-4843-8AB9-6255F514FFDE}"
EndProject
Project("{2150E333-8FDC-42A3-9474-1A3956D46DE8}") = "Gateway", "Gateway", "{9A3981A0-EA51-46CA-A799-E9767DDBBD05}"
EndProject
Project("{2150E333-8FDC-42A3-9474-1A3956D46DE8}") = "Apps", "Apps", "{82FA9459-1253-4BEA-BCD0-63873476E8AB}"
EndProject
Project("{9A19103F-16F7-4668-BE54-9A1E7A4F7556}") = "Makc2024.Dummy.Gateway.Apps.WebApp", "src\Gateway\src\Apps\WebApp\Makc2024.Dummy.Gateway.Apps.WebApp.csproj", "{5FB86F58-CE4B-4523-BD6B-842E531EA1B8}"
EndProject
Project("{9A19103F-16F7-4668-BE54-9A1E7A4F7556}") = "Makc2024.Dummy.Gateway.DomainModel", "src\Gateway\src\DomainModel\Makc2024.Dummy.Gateway.DomainModel.csproj", "{9F11CE26-C2C8-4F06-B454-6374CBC66EBD}"
EndProject
Project("{9A19103F-16F7-4668-BE54-9A1E7A4F7556}") = "Makc2024.Dummy.Gateway.DomainUseCases", "src\Gateway\src\DomainUseCases\Makc2024.Dummy.Gateway.DomainUseCases.csproj", "{1038A4F6-E393-4A80-A7D5-F34BCE77EE95}"
EndProject
Project("{9A19103F-16F7-4668-BE54-9A1E7A4F7556}") = "Makc2024.Dummy.Gateway.Infrastructure", "src\Gateway\src\Infrastructure\Makc2024.Dummy.Gateway.Infrastructure.csproj", "{6EFBA261-34E8-4B50-9D10-9EE16081804C}"
EndProject
Project("{2150E333-8FDC-42A3-9474-1A3956D46DE8}") = "Writer", "Writer", "{79303FD3-E3EE-4B57-BBDC-AFF7EBC56AFD}"
EndProject
Project("{2150E333-8FDC-42A3-9474-1A3956D46DE8}") = "Apps", "Apps", "{0DBD4A79-928C-47E4-9CE0-9237938BBBDF}"
EndProject
Project("{9A19103F-16F7-4668-BE54-9A1E7A4F7556}") = "Makc2024.Dummy.Writer.Apps.WebApp", "src\Writer\src\Apps\WebApp\Makc2024.Dummy.Writer.Apps.WebApp.csproj", "{A1A8A57C-A1DB-4862-A04D-05453EF42BAC}"
EndProject
Project("{9A19103F-16F7-4668-BE54-9A1E7A4F7556}") = "Makc2024.Dummy.Writer.DomainModel", "src\Writer\src\DomainModel\Makc2024.Dummy.Writer.DomainModel.csproj", "{2F81EAA0-6B77-4304-8E38-FE3C28CE79E0}"
EndProject
Project("{9A19103F-16F7-4668-BE54-9A1E7A4F7556}") = "Makc2024.Dummy.Writer.DomainUseCases", "src\Writer\src\DomainUseCases\Makc2024.Dummy.Writer.DomainUseCases.csproj", "{43031B59-296A-46B7-B778-AF0066EB77B7}"
EndProject
Project("{9A19103F-16F7-4668-BE54-9A1E7A4F7556}") = "Makc2024.Dummy.Writer.Infrastructure", "src\Writer\src\Infrastructure\Makc2024.Dummy.Writer.Infrastructure.csproj", "{7CD43BF7-23DD-4415-AE73-9D847B0DE0AA}"
EndProject
Project("{2150E333-8FDC-42A3-9474-1A3956D46DE8}") = "Shared", "Shared", "{B73144DE-9449-42F1-A63D-86D609EA6C52}"
EndProject
Project("{9A19103F-16F7-4668-BE54-9A1E7A4F7556}") = "Makc2024.Dummy.Shared.Core", "src\Shared\src\Core\Makc2024.Dummy.Shared.Core.csproj", "{E27F84C2-9589-401B-87FB-F05BC4535A6F}"
EndProject
Project("{FAE04EC0-301F-11D3-BF4B-00C04F79EFBC}") = "Makc2024.Dummy.Shared.DomainModel", "src\Shared\src\DomainModel\Makc2024.Dummy.Shared.DomainModel.csproj", "{57192CE6-11BF-4587-94A2-CE24005A9EEB}"
EndProject
Project("{FAE04EC0-301F-11D3-BF4B-00C04F79EFBC}") = "Makc2024.Dummy.Shared.DomainUseCases", "src\Shared\src\DomainUseCases\Makc2024.Dummy.Shared.DomainUseCases.csproj", "{AA13D732-CA94-4EEF-B915-45E185354328}"
EndProject
Project("{FAE04EC0-301F-11D3-BF4B-00C04F79EFBC}") = "Makc2024.Dummy.Shared.Infrastructure", "src\Shared\src\Infrastructure\Makc2024.Dummy.Shared.Infrastructure.csproj", "{9A60A0B4-AFEF-481F-8909-9B14E90F33F7}"
EndProject
Project("{FAE04EC0-301F-11D3-BF4B-00C04F79EFBC}") = "Makc2024.Dummy.Shared.Apps.WebApp", "src\Shared\src\Web\Makc2024.Dummy.Shared.Apps.WebApp.csproj", "{DD6079B4-D4A1-495F-A54E-EAD2FAAFEB18}"
EndProject
Project("{2150E333-8FDC-42A3-9474-1A3956D46DE8}") = "Apps", "Apps", "{B773FF10-0FEC-4E92-8FBC-32B79DA3DA75}"
EndProject
Global
	GlobalSection(SolutionConfigurationPlatforms) = preSolution
		Debug|Any CPU = Debug|Any CPU
		Release|Any CPU = Release|Any CPU
	EndGlobalSection
	GlobalSection(ProjectConfigurationPlatforms) = postSolution
		{A2B6837B-6D7C-4636-B0B1-691A65CEF667}.Debug|Any CPU.ActiveCfg = Debug|Any CPU
		{A2B6837B-6D7C-4636-B0B1-691A65CEF667}.Debug|Any CPU.Build.0 = Debug|Any CPU
		{A2B6837B-6D7C-4636-B0B1-691A65CEF667}.Release|Any CPU.ActiveCfg = Release|Any CPU
		{A2B6837B-6D7C-4636-B0B1-691A65CEF667}.Release|Any CPU.Build.0 = Release|Any CPU
		{0350957C-E63A-4945-9399-6954EE7CD6D2}.Debug|Any CPU.ActiveCfg = Debug|Any CPU
		{0350957C-E63A-4945-9399-6954EE7CD6D2}.Debug|Any CPU.Build.0 = Debug|Any CPU
		{0350957C-E63A-4945-9399-6954EE7CD6D2}.Release|Any CPU.ActiveCfg = Release|Any CPU
		{0350957C-E63A-4945-9399-6954EE7CD6D2}.Release|Any CPU.Build.0 = Release|Any CPU
		{96BCB957-B713-4370-9F4D-424E3A85E4F5}.Debug|Any CPU.ActiveCfg = Debug|Any CPU
		{96BCB957-B713-4370-9F4D-424E3A85E4F5}.Debug|Any CPU.Build.0 = Debug|Any CPU
		{96BCB957-B713-4370-9F4D-424E3A85E4F5}.Release|Any CPU.ActiveCfg = Release|Any CPU
		{96BCB957-B713-4370-9F4D-424E3A85E4F5}.Release|Any CPU.Build.0 = Release|Any CPU
		{5FB86F58-CE4B-4523-BD6B-842E531EA1B8}.Debug|Any CPU.ActiveCfg = Debug|Any CPU
		{5FB86F58-CE4B-4523-BD6B-842E531EA1B8}.Debug|Any CPU.Build.0 = Debug|Any CPU
		{5FB86F58-CE4B-4523-BD6B-842E531EA1B8}.Release|Any CPU.ActiveCfg = Release|Any CPU
		{5FB86F58-CE4B-4523-BD6B-842E531EA1B8}.Release|Any CPU.Build.0 = Release|Any CPU
		{9F11CE26-C2C8-4F06-B454-6374CBC66EBD}.Debug|Any CPU.ActiveCfg = Debug|Any CPU
		{9F11CE26-C2C8-4F06-B454-6374CBC66EBD}.Debug|Any CPU.Build.0 = Debug|Any CPU
		{9F11CE26-C2C8-4F06-B454-6374CBC66EBD}.Release|Any CPU.ActiveCfg = Release|Any CPU
		{9F11CE26-C2C8-4F06-B454-6374CBC66EBD}.Release|Any CPU.Build.0 = Release|Any CPU
		{1038A4F6-E393-4A80-A7D5-F34BCE77EE95}.Debug|Any CPU.ActiveCfg = Debug|Any CPU
		{1038A4F6-E393-4A80-A7D5-F34BCE77EE95}.Debug|Any CPU.Build.0 = Debug|Any CPU
		{1038A4F6-E393-4A80-A7D5-F34BCE77EE95}.Release|Any CPU.ActiveCfg = Release|Any CPU
		{1038A4F6-E393-4A80-A7D5-F34BCE77EE95}.Release|Any CPU.Build.0 = Release|Any CPU
		{6EFBA261-34E8-4B50-9D10-9EE16081804C}.Debug|Any CPU.ActiveCfg = Debug|Any CPU
		{6EFBA261-34E8-4B50-9D10-9EE16081804C}.Debug|Any CPU.Build.0 = Debug|Any CPU
		{6EFBA261-34E8-4B50-9D10-9EE16081804C}.Release|Any CPU.ActiveCfg = Release|Any CPU
		{6EFBA261-34E8-4B50-9D10-9EE16081804C}.Release|Any CPU.Build.0 = Release|Any CPU
		{A1A8A57C-A1DB-4862-A04D-05453EF42BAC}.Debug|Any CPU.ActiveCfg = Debug|Any CPU
		{A1A8A57C-A1DB-4862-A04D-05453EF42BAC}.Debug|Any CPU.Build.0 = Debug|Any CPU
		{A1A8A57C-A1DB-4862-A04D-05453EF42BAC}.Release|Any CPU.ActiveCfg = Release|Any CPU
		{A1A8A57C-A1DB-4862-A04D-05453EF42BAC}.Release|Any CPU.Build.0 = Release|Any CPU
		{2F81EAA0-6B77-4304-8E38-FE3C28CE79E0}.Debug|Any CPU.ActiveCfg = Debug|Any CPU
		{2F81EAA0-6B77-4304-8E38-FE3C28CE79E0}.Debug|Any CPU.Build.0 = Debug|Any CPU
		{2F81EAA0-6B77-4304-8E38-FE3C28CE79E0}.Release|Any CPU.ActiveCfg = Release|Any CPU
		{2F81EAA0-6B77-4304-8E38-FE3C28CE79E0}.Release|Any CPU.Build.0 = Release|Any CPU
		{43031B59-296A-46B7-B778-AF0066EB77B7}.Debug|Any CPU.ActiveCfg = Debug|Any CPU
		{43031B59-296A-46B7-B778-AF0066EB77B7}.Debug|Any CPU.Build.0 = Debug|Any CPU
		{43031B59-296A-46B7-B778-AF0066EB77B7}.Release|Any CPU.ActiveCfg = Release|Any CPU
		{43031B59-296A-46B7-B778-AF0066EB77B7}.Release|Any CPU.Build.0 = Release|Any CPU
		{7CD43BF7-23DD-4415-AE73-9D847B0DE0AA}.Debug|Any CPU.ActiveCfg = Debug|Any CPU
		{7CD43BF7-23DD-4415-AE73-9D847B0DE0AA}.Debug|Any CPU.Build.0 = Debug|Any CPU
		{7CD43BF7-23DD-4415-AE73-9D847B0DE0AA}.Release|Any CPU.ActiveCfg = Release|Any CPU
		{7CD43BF7-23DD-4415-AE73-9D847B0DE0AA}.Release|Any CPU.Build.0 = Release|Any CPU
		{E27F84C2-9589-401B-87FB-F05BC4535A6F}.Debug|Any CPU.ActiveCfg = Debug|Any CPU
		{E27F84C2-9589-401B-87FB-F05BC4535A6F}.Debug|Any CPU.Build.0 = Debug|Any CPU
		{E27F84C2-9589-401B-87FB-F05BC4535A6F}.Release|Any CPU.ActiveCfg = Release|Any CPU
		{E27F84C2-9589-401B-87FB-F05BC4535A6F}.Release|Any CPU.Build.0 = Release|Any CPU
		{57192CE6-11BF-4587-94A2-CE24005A9EEB}.Debug|Any CPU.ActiveCfg = Debug|Any CPU
		{57192CE6-11BF-4587-94A2-CE24005A9EEB}.Debug|Any CPU.Build.0 = Debug|Any CPU
		{57192CE6-11BF-4587-94A2-CE24005A9EEB}.Release|Any CPU.ActiveCfg = Release|Any CPU
		{57192CE6-11BF-4587-94A2-CE24005A9EEB}.Release|Any CPU.Build.0 = Release|Any CPU
		{AA13D732-CA94-4EEF-B915-45E185354328}.Debug|Any CPU.ActiveCfg = Debug|Any CPU
		{AA13D732-CA94-4EEF-B915-45E185354328}.Debug|Any CPU.Build.0 = Debug|Any CPU
		{AA13D732-CA94-4EEF-B915-45E185354328}.Release|Any CPU.ActiveCfg = Release|Any CPU
		{AA13D732-CA94-4EEF-B915-45E185354328}.Release|Any CPU.Build.0 = Release|Any CPU
		{9A60A0B4-AFEF-481F-8909-9B14E90F33F7}.Debug|Any CPU.ActiveCfg = Debug|Any CPU
		{9A60A0B4-AFEF-481F-8909-9B14E90F33F7}.Debug|Any CPU.Build.0 = Debug|Any CPU
		{9A60A0B4-AFEF-481F-8909-9B14E90F33F7}.Release|Any CPU.ActiveCfg = Release|Any CPU
		{9A60A0B4-AFEF-481F-8909-9B14E90F33F7}.Release|Any CPU.Build.0 = Release|Any CPU
		{DD6079B4-D4A1-495F-A54E-EAD2FAAFEB18}.Debug|Any CPU.ActiveCfg = Debug|Any CPU
		{DD6079B4-D4A1-495F-A54E-EAD2FAAFEB18}.Debug|Any CPU.Build.0 = Debug|Any CPU
		{DD6079B4-D4A1-495F-A54E-EAD2FAAFEB18}.Release|Any CPU.ActiveCfg = Release|Any CPU
		{DD6079B4-D4A1-495F-A54E-EAD2FAAFEB18}.Release|Any CPU.Build.0 = Release|Any CPU
	EndGlobalSection
	GlobalSection(SolutionProperties) = preSolution
		HideSolutionNode = FALSE
	EndGlobalSection
	GlobalSection(NestedProjects) = preSolution
		{A2B6837B-6D7C-4636-B0B1-691A65CEF667} = {3F8ACCE4-5277-4FBD-83FC-F4B39C796F70}
		{0350957C-E63A-4945-9399-6954EE7CD6D2} = {3F8ACCE4-5277-4FBD-83FC-F4B39C796F70}
		{96BCB957-B713-4370-9F4D-424E3A85E4F5} = {3F8ACCE4-5277-4FBD-83FC-F4B39C796F70}
		{9A3981A0-EA51-46CA-A799-E9767DDBBD05} = {A0BF25FD-1238-4843-8AB9-6255F514FFDE}
		{82FA9459-1253-4BEA-BCD0-63873476E8AB} = {9A3981A0-EA51-46CA-A799-E9767DDBBD05}
		{5FB86F58-CE4B-4523-BD6B-842E531EA1B8} = {82FA9459-1253-4BEA-BCD0-63873476E8AB}
		{9F11CE26-C2C8-4F06-B454-6374CBC66EBD} = {9A3981A0-EA51-46CA-A799-E9767DDBBD05}
		{1038A4F6-E393-4A80-A7D5-F34BCE77EE95} = {9A3981A0-EA51-46CA-A799-E9767DDBBD05}
		{6EFBA261-34E8-4B50-9D10-9EE16081804C} = {9A3981A0-EA51-46CA-A799-E9767DDBBD05}
		{79303FD3-E3EE-4B57-BBDC-AFF7EBC56AFD} = {A0BF25FD-1238-4843-8AB9-6255F514FFDE}
		{0DBD4A79-928C-47E4-9CE0-9237938BBBDF} = {79303FD3-E3EE-4B57-BBDC-AFF7EBC56AFD}
		{A1A8A57C-A1DB-4862-A04D-05453EF42BAC} = {0DBD4A79-928C-47E4-9CE0-9237938BBBDF}
		{2F81EAA0-6B77-4304-8E38-FE3C28CE79E0} = {79303FD3-E3EE-4B57-BBDC-AFF7EBC56AFD}
		{43031B59-296A-46B7-B778-AF0066EB77B7} = {79303FD3-E3EE-4B57-BBDC-AFF7EBC56AFD}
		{7CD43BF7-23DD-4415-AE73-9D847B0DE0AA} = {79303FD3-E3EE-4B57-BBDC-AFF7EBC56AFD}
		{B73144DE-9449-42F1-A63D-86D609EA6C52} = {A0BF25FD-1238-4843-8AB9-6255F514FFDE}
		{E27F84C2-9589-401B-87FB-F05BC4535A6F} = {B73144DE-9449-42F1-A63D-86D609EA6C52}
		{57192CE6-11BF-4587-94A2-CE24005A9EEB} = {B73144DE-9449-42F1-A63D-86D609EA6C52}
		{AA13D732-CA94-4EEF-B915-45E185354328} = {B73144DE-9449-42F1-A63D-86D609EA6C52}
		{9A60A0B4-AFEF-481F-8909-9B14E90F33F7} = {B73144DE-9449-42F1-A63D-86D609EA6C52}
		{DD6079B4-D4A1-495F-A54E-EAD2FAAFEB18} = {B773FF10-0FEC-4E92-8FBC-32B79DA3DA75}
		{B773FF10-0FEC-4E92-8FBC-32B79DA3DA75} = {B73144DE-9449-42F1-A63D-86D609EA6C52}
	EndGlobalSection
	GlobalSection(ExtensibilityGlobals) = postSolution
		SolutionGuid = {15FE02FB-BDBA-4016-B958-EB31A71E7634}
	EndGlobalSection
EndGlobal
