
Microsoft Visual Studio Solution File, Format Version 12.00
# Visual Studio Version 17
VisualStudioVersion = 17.6.33829.357
MinimumVisualStudioVersion = 10.0.40219.1
Project("{2150E333-8FDC-42A3-9474-1A3956D46DE8}") = "Solution Items", "Solution Items", "{169F4F77-C8F2-4677-9368-99FF262EDDFD}"
	ProjectSection(SolutionItems) = preProject
		.editorconfig = .editorconfig
		.gitignore = .gitignore
		Directory.Build.props = Directory.Build.props
		Directory.Packages.props = Directory.Packages.props
		LICENSE = LICENSE
		nuget.config = nuget.config
		README.md = README.md
	EndProjectSection
EndProject
Project("{2150E333-8FDC-42A3-9474-1A3956D46DE8}") = "src", "src", "{1A35D5A2-07A9-404C-A354-BA81746310DD}"
EndProject
Project("{2150E333-8FDC-42A3-9474-1A3956D46DE8}") = "Backend", "Backend", "{54F866E1-6B28-4AD9-B51B-79168998965D}"
EndProject
Project("{2150E333-8FDC-42A3-9474-1A3956D46DE8}") = "Gateway", "Gateway", "{D61B3351-0B55-4B40-9190-258B92597E85}"
EndProject
Project("{2150E333-8FDC-42A3-9474-1A3956D46DE8}") = "src", "src", "{54A163E1-1D25-4FC8-88C5-7FCFDBC5E3BA}"
EndProject
Project("{9A19103F-16F7-4668-BE54-9A1E7A4F7556}") = "Backend.Gateway.Web", "src\Backend\Gateway\src\Web\Backend.Gateway.Web.csproj", "{84ACBC5B-1C73-4216-9F58-261BCB49F6D6}"
EndProject
Project("{2150E333-8FDC-42A3-9474-1A3956D46DE8}") = "TaskExecutor", "TaskExecutor", "{E3441F3D-F5CA-4D64-ACED-A2DA0C19F39B}"
EndProject
Project("{2150E333-8FDC-42A3-9474-1A3956D46DE8}") = "src", "src", "{16F826E8-F894-4624-A946-6B018CAF4656}"
EndProject
Project("{9A19103F-16F7-4668-BE54-9A1E7A4F7556}") = "Backend.TaskExecutor.Web", "src\Backend\TaskExecutor\src\Web\Backend.TaskExecutor.Web.csproj", "{00C04719-B2EA-46C8-AD2E-06A625347425}"
EndProject
Project("{2150E333-8FDC-42A3-9474-1A3956D46DE8}") = "src", "src", "{0511FEBA-D00E-4651-82D4-5166593EFA31}"
EndProject
Project("{2150E333-8FDC-42A3-9474-1A3956D46DE8}") = "TaskManager", "TaskManager", "{2E7D2775-7118-403B-8BA5-6753511B5AEF}"
EndProject
Project("{9A19103F-16F7-4668-BE54-9A1E7A4F7556}") = "Backend.TaskManager.Web", "src\Backend\TaskManager\src\Web\Backend.TaskManager.Web.csproj", "{162D4C4A-9D98-4F8A-B214-44EA26DD1E36}"
EndProject
Project("{2150E333-8FDC-42A3-9474-1A3956D46DE8}") = "src", "src", "{29838BD0-9ABD-4272-857F-10D69BB4705A}"
EndProject
Project("{2150E333-8FDC-42A3-9474-1A3956D46DE8}") = "TaskReader", "TaskReader", "{FF4B5A07-9698-4089-B0B5-06D3A8EA2AFE}"
EndProject
Project("{9A19103F-16F7-4668-BE54-9A1E7A4F7556}") = "Backend.TaskReader.Web", "src\Backend\TaskReader\src\Web\Backend.TaskReader.Web.csproj", "{812C8C48-5342-4CEC-A76D-E14E2F2256E8}"
EndProject
Project("{2150E333-8FDC-42A3-9474-1A3956D46DE8}") = "src", "src", "{FED63F37-4CB2-49D4-995B-52BA4AD1E036}"
EndProject
Project("{2150E333-8FDC-42A3-9474-1A3956D46DE8}") = "TaskStorage", "TaskStorage", "{8F19346C-048B-412B-B50A-D85DA7B6A13F}"
EndProject
Project("{9A19103F-16F7-4668-BE54-9A1E7A4F7556}") = "Backend.TaskStorage.Web", "src\Backend\TaskStorage\src\Web\Backend.TaskStorage.Web.csproj", "{0524715D-7ABE-4A5D-A739-2CB0C29F74D0}"
EndProject
Project("{2150E333-8FDC-42A3-9474-1A3956D46DE8}") = "Frontend", "Frontend", "{B0C42731-6086-4BCA-A6D6-DC010B60FFF5}"
EndProject
Project("{2150E333-8FDC-42A3-9474-1A3956D46DE8}") = "Web", "Web", "{7C825D15-2A32-4A27-899C-4BC0663B4515}"
EndProject
Project("{54A90642-561A-4BB1-A94E-469ADEE60C69}") = "Frontend.Web.ReactVite", "src\Frontend\Web\ReactVite\Frontend.Web.ReactVite.esproj", "{CBBF9DDE-BE98-413D-87D6-99640346BFD1}"
EndProject
Project("{E53339B2-1760-4266-BCC7-CA923CBCF16C}") = "docker-compose", "docker-compose.dcproj", "{81632C6C-A0B7-405C-937F-14187D2E7E0E}"
EndProject
Project("{2150E333-8FDC-42A3-9474-1A3956D46DE8}") = "configs", "configs", "{12711E9F-7AB5-44F0-AA2D-AE7FA973B190}"
	ProjectSection(SolutionItems) = preProject
		configs\nginx.conf = configs\nginx.conf
	EndProjectSection
EndProject
Project("{2150E333-8FDC-42A3-9474-1A3956D46DE8}") = "https", "https", "{808B5475-B6ED-420B-91EE-64D2E66C8E24}"
	ProjectSection(SolutionItems) = preProject
		https\cert.crt = https\cert.crt
		https\cert.pfx = https\cert.pfx
		https\cert.rsa = https\cert.rsa
	EndProjectSection
EndProject
Project("{2150E333-8FDC-42A3-9474-1A3956D46DE8}") = "ReactVite", "ReactVite", "{D9623C01-31F5-4355-853C-2D37842B5B1B}"
EndProject
Global
	GlobalSection(SolutionConfigurationPlatforms) = preSolution
		Debug|Any CPU = Debug|Any CPU
		Release|Any CPU = Release|Any CPU
	EndGlobalSection
	GlobalSection(ProjectConfigurationPlatforms) = postSolution
		{84ACBC5B-1C73-4216-9F58-261BCB49F6D6}.Debug|Any CPU.ActiveCfg = Debug|Any CPU
		{84ACBC5B-1C73-4216-9F58-261BCB49F6D6}.Debug|Any CPU.Build.0 = Debug|Any CPU
		{84ACBC5B-1C73-4216-9F58-261BCB49F6D6}.Release|Any CPU.ActiveCfg = Release|Any CPU
		{84ACBC5B-1C73-4216-9F58-261BCB49F6D6}.Release|Any CPU.Build.0 = Release|Any CPU
		{00C04719-B2EA-46C8-AD2E-06A625347425}.Debug|Any CPU.ActiveCfg = Debug|Any CPU
		{00C04719-B2EA-46C8-AD2E-06A625347425}.Debug|Any CPU.Build.0 = Debug|Any CPU
		{00C04719-B2EA-46C8-AD2E-06A625347425}.Release|Any CPU.ActiveCfg = Release|Any CPU
		{00C04719-B2EA-46C8-AD2E-06A625347425}.Release|Any CPU.Build.0 = Release|Any CPU
		{162D4C4A-9D98-4F8A-B214-44EA26DD1E36}.Debug|Any CPU.ActiveCfg = Debug|Any CPU
		{162D4C4A-9D98-4F8A-B214-44EA26DD1E36}.Debug|Any CPU.Build.0 = Debug|Any CPU
		{162D4C4A-9D98-4F8A-B214-44EA26DD1E36}.Release|Any CPU.ActiveCfg = Release|Any CPU
		{162D4C4A-9D98-4F8A-B214-44EA26DD1E36}.Release|Any CPU.Build.0 = Release|Any CPU
		{812C8C48-5342-4CEC-A76D-E14E2F2256E8}.Debug|Any CPU.ActiveCfg = Debug|Any CPU
		{812C8C48-5342-4CEC-A76D-E14E2F2256E8}.Debug|Any CPU.Build.0 = Debug|Any CPU
		{812C8C48-5342-4CEC-A76D-E14E2F2256E8}.Release|Any CPU.ActiveCfg = Release|Any CPU
		{812C8C48-5342-4CEC-A76D-E14E2F2256E8}.Release|Any CPU.Build.0 = Release|Any CPU
		{0524715D-7ABE-4A5D-A739-2CB0C29F74D0}.Debug|Any CPU.ActiveCfg = Debug|Any CPU
		{0524715D-7ABE-4A5D-A739-2CB0C29F74D0}.Debug|Any CPU.Build.0 = Debug|Any CPU
		{0524715D-7ABE-4A5D-A739-2CB0C29F74D0}.Release|Any CPU.ActiveCfg = Release|Any CPU
		{0524715D-7ABE-4A5D-A739-2CB0C29F74D0}.Release|Any CPU.Build.0 = Release|Any CPU
		{CBBF9DDE-BE98-413D-87D6-99640346BFD1}.Debug|Any CPU.ActiveCfg = Debug|Any CPU
		{CBBF9DDE-BE98-413D-87D6-99640346BFD1}.Debug|Any CPU.Build.0 = Debug|Any CPU
		{CBBF9DDE-BE98-413D-87D6-99640346BFD1}.Debug|Any CPU.Deploy.0 = Debug|Any CPU
		{CBBF9DDE-BE98-413D-87D6-99640346BFD1}.Release|Any CPU.ActiveCfg = Release|Any CPU
		{CBBF9DDE-BE98-413D-87D6-99640346BFD1}.Release|Any CPU.Build.0 = Release|Any CPU
		{CBBF9DDE-BE98-413D-87D6-99640346BFD1}.Release|Any CPU.Deploy.0 = Release|Any CPU
		{81632C6C-A0B7-405C-937F-14187D2E7E0E}.Debug|Any CPU.ActiveCfg = Debug|Any CPU
		{81632C6C-A0B7-405C-937F-14187D2E7E0E}.Debug|Any CPU.Build.0 = Debug|Any CPU
		{81632C6C-A0B7-405C-937F-14187D2E7E0E}.Release|Any CPU.ActiveCfg = Release|Any CPU
		{81632C6C-A0B7-405C-937F-14187D2E7E0E}.Release|Any CPU.Build.0 = Release|Any CPU
	EndGlobalSection
	GlobalSection(SolutionProperties) = preSolution
		HideSolutionNode = FALSE
	EndGlobalSection
	GlobalSection(NestedProjects) = preSolution
		{54F866E1-6B28-4AD9-B51B-79168998965D} = {1A35D5A2-07A9-404C-A354-BA81746310DD}
		{D61B3351-0B55-4B40-9190-258B92597E85} = {54F866E1-6B28-4AD9-B51B-79168998965D}
		{54A163E1-1D25-4FC8-88C5-7FCFDBC5E3BA} = {D61B3351-0B55-4B40-9190-258B92597E85}
		{84ACBC5B-1C73-4216-9F58-261BCB49F6D6} = {54A163E1-1D25-4FC8-88C5-7FCFDBC5E3BA}
		{E3441F3D-F5CA-4D64-ACED-A2DA0C19F39B} = {54F866E1-6B28-4AD9-B51B-79168998965D}
		{16F826E8-F894-4624-A946-6B018CAF4656} = {E3441F3D-F5CA-4D64-ACED-A2DA0C19F39B}
		{00C04719-B2EA-46C8-AD2E-06A625347425} = {16F826E8-F894-4624-A946-6B018CAF4656}
		{0511FEBA-D00E-4651-82D4-5166593EFA31} = {2E7D2775-7118-403B-8BA5-6753511B5AEF}
		{2E7D2775-7118-403B-8BA5-6753511B5AEF} = {54F866E1-6B28-4AD9-B51B-79168998965D}
		{162D4C4A-9D98-4F8A-B214-44EA26DD1E36} = {0511FEBA-D00E-4651-82D4-5166593EFA31}
		{29838BD0-9ABD-4272-857F-10D69BB4705A} = {FF4B5A07-9698-4089-B0B5-06D3A8EA2AFE}
		{FF4B5A07-9698-4089-B0B5-06D3A8EA2AFE} = {54F866E1-6B28-4AD9-B51B-79168998965D}
		{812C8C48-5342-4CEC-A76D-E14E2F2256E8} = {29838BD0-9ABD-4272-857F-10D69BB4705A}
		{FED63F37-4CB2-49D4-995B-52BA4AD1E036} = {8F19346C-048B-412B-B50A-D85DA7B6A13F}
		{8F19346C-048B-412B-B50A-D85DA7B6A13F} = {54F866E1-6B28-4AD9-B51B-79168998965D}
		{0524715D-7ABE-4A5D-A739-2CB0C29F74D0} = {FED63F37-4CB2-49D4-995B-52BA4AD1E036}
		{B0C42731-6086-4BCA-A6D6-DC010B60FFF5} = {1A35D5A2-07A9-404C-A354-BA81746310DD}
		{7C825D15-2A32-4A27-899C-4BC0663B4515} = {B0C42731-6086-4BCA-A6D6-DC010B60FFF5}
		{CBBF9DDE-BE98-413D-87D6-99640346BFD1} = {D9623C01-31F5-4355-853C-2D37842B5B1B}
		{D9623C01-31F5-4355-853C-2D37842B5B1B} = {7C825D15-2A32-4A27-899C-4BC0663B4515}
	EndGlobalSection
	GlobalSection(ExtensibilityGlobals) = postSolution
		SolutionGuid = {7235CB5A-8C45-4937-BF20-88E397C50CA1}
	EndGlobalSection
EndGlobal
